
Microsoft Visual Studio Solution File, Format Version 12.00
# Visual Studio Version 17
VisualStudioVersion = 17.10.35013.160
MinimumVisualStudioVersion = 10.0.40219.1
Project("{FAE04EC0-301F-11D3-BF4B-00C04F79EFBC}") = "GestaoDeEquipamentos-2", "GestaoDeEquipamentos-2\GestaoDeEquipamentos-2.csproj", "{C32190BE-1D4B-4B47-AC35-0F55A83BB846}"
EndProject
Global
	GlobalSection(SolutionConfigurationPlatforms) = preSolution
		Debug|Any CPU = Debug|Any CPU
		Release|Any CPU = Release|Any CPU
	EndGlobalSection
	GlobalSection(ProjectConfigurationPlatforms) = postSolution
		{C32190BE-1D4B-4B47-AC35-0F55A83BB846}.Debug|Any CPU.ActiveCfg = Debug|Any CPU
		{C32190BE-1D4B-4B47-AC35-0F55A83BB846}.Debug|Any CPU.Build.0 = Debug|Any CPU
		{C32190BE-1D4B-4B47-AC35-0F55A83BB846}.Release|Any CPU.ActiveCfg = Release|Any CPU
		{C32190BE-1D4B-4B47-AC35-0F55A83BB846}.Release|Any CPU.Build.0 = Release|Any CPU
	EndGlobalSection
	GlobalSection(SolutionProperties) = preSolution
		HideSolutionNode = FALSE
	EndGlobalSection
	GlobalSection(ExtensibilityGlobals) = postSolution
		SolutionGuid = {09C6F95A-E298-4C35-9D87-B8AAF4749AAC}
	EndGlobalSection
EndGlobal
